Microsoft Visual Studio Solution File, Format Version 11.00
# Visual Studio 2008

Project("{DE6E9801-B78D-C86E-4BE3-252CA12AC2FB}") = "CrimsonKeep", "Assembly-CSharp-firstpass.csproj", "{07356C69-8233-7220-E2B0-31CEB4457F88}"
EndProject
Project("{DE6E9801-B78D-C86E-4BE3-252CA12AC2FB}") = "CrimsonKeep", "Assembly-CSharp.csproj", "{9E48DBF2-EB7A-AF74-C7F2-9E9F33F35D54}"
EndProject
Project("{DE6E9801-B78D-C86E-4BE3-252CA12AC2FB}") = "CrimsonKeep", "Assembly-CSharp-Editor.csproj", "{BDC17753-6916-5A49-9E1A-557E42EA692F}"
EndProject
Project("{DE6E9801-B78D-C86E-4BE3-252CA12AC2FB}") = "CrimsonKeep", "Assembly-UnityScript.unityproj", "{A276F6A0-87EC-3F34-E6A7-DC1EED014DA5}"
EndProject
Project("{DE6E9801-B78D-C86E-4BE3-252CA12AC2FB}") = "CrimsonKeep", "Assembly-UnityScript-Editor.unityproj", "{7E13D7EA-241D-8924-2141-75B7A9451B77}"
EndProject
Global
	GlobalSection(SolutionConfigurationPlatforms) = preSolution
		Debug|Any CPU = Debug|Any CPU
		Release|Any CPU = Release|Any CPU
	EndGlobalSection
	GlobalSection(ProjectConfigurationPlatforms) = postSolution
		{07356C69-8233-7220-E2B0-31CEB4457F88}.Debug|Any CPU.ActiveCfg = Debug|Any CPU
		{07356C69-8233-7220-E2B0-31CEB4457F88}.Debug|Any CPU.Build.0 = Debug|Any CPU
		{07356C69-8233-7220-E2B0-31CEB4457F88}.Release|Any CPU.ActiveCfg = Release|Any CPU
		{07356C69-8233-7220-E2B0-31CEB4457F88}.Release|Any CPU.Build.0 = Release|Any CPU
		{9E48DBF2-EB7A-AF74-C7F2-9E9F33F35D54}.Debug|Any CPU.ActiveCfg = Debug|Any CPU
		{9E48DBF2-EB7A-AF74-C7F2-9E9F33F35D54}.Debug|Any CPU.Build.0 = Debug|Any CPU
		{9E48DBF2-EB7A-AF74-C7F2-9E9F33F35D54}.Release|Any CPU.ActiveCfg = Release|Any CPU
		{9E48DBF2-EB7A-AF74-C7F2-9E9F33F35D54}.Release|Any CPU.Build.0 = Release|Any CPU
		{BDC17753-6916-5A49-9E1A-557E42EA692F}.Debug|Any CPU.ActiveCfg = Debug|Any CPU
		{BDC17753-6916-5A49-9E1A-557E42EA692F}.Debug|Any CPU.Build.0 = Debug|Any CPU
		{BDC17753-6916-5A49-9E1A-557E42EA692F}.Release|Any CPU.ActiveCfg = Release|Any CPU
		{BDC17753-6916-5A49-9E1A-557E42EA692F}.Release|Any CPU.Build.0 = Release|Any CPU
		{A276F6A0-87EC-3F34-E6A7-DC1EED014DA5}.Debug|Any CPU.ActiveCfg = Debug|Any CPU
		{A276F6A0-87EC-3F34-E6A7-DC1EED014DA5}.Debug|Any CPU.Build.0 = Debug|Any CPU
		{A276F6A0-87EC-3F34-E6A7-DC1EED014DA5}.Release|Any CPU.ActiveCfg = Release|Any CPU
		{A276F6A0-87EC-3F34-E6A7-DC1EED014DA5}.Release|Any CPU.Build.0 = Release|Any CPU
		{7E13D7EA-241D-8924-2141-75B7A9451B77}.Debug|Any CPU.ActiveCfg = Debug|Any CPU
		{7E13D7EA-241D-8924-2141-75B7A9451B77}.Debug|Any CPU.Build.0 = Debug|Any CPU
		{7E13D7EA-241D-8924-2141-75B7A9451B77}.Release|Any CPU.ActiveCfg = Release|Any CPU
		{7E13D7EA-241D-8924-2141-75B7A9451B77}.Release|Any CPU.Build.0 = Release|Any CPU
	EndGlobalSection
	GlobalSection(SolutionProperties) = preSolution
		HideSolutionNode = FALSE
	EndGlobalSection
																						GlobalSection(MonoDevelopProperties) = preSolution
		StartupItem = Assembly-CSharp.csproj
		Policies = $0
		$0.TextStylePolicy = $1
		$1.inheritsSet = null
		$1.scope = text/x-csharp
		$0.CSharpFormattingPolicy = $2
		$2.inheritsSet = Mono
		$2.inheritsScope = text/x-csharp
		$2.scope = text/x-csharp
		$0.TextStylePolicy = $3
		$3.FileWidth = 120
		$3.TabWidth = 4
		$3.IndentWidth = 4
		$3.EolMarker = Unix
		$3.inheritsSet = Mono
		$3.inheritsScope = text/plain
		$3.scope = text/plain
	EndGlobalSection

EndGlobal
